
Microsoft Visual Studio Solution File, Format Version 12.00
# Visual Studio Version 17
VisualStudioVersion = 17.2.32516.85
MinimumVisualStudioVersion = 10.0.40219.1
Project("{9A19103F-16F7-4668-BE54-9A1E7A4F7556}") = "Lab.Shared", "Lab.Shared\Lab.Shared.csproj", "{4BF30B94-9303-4F75-9A87-8FC134E54F2A}"
EndProject
Project("{9A19103F-16F7-4668-BE54-9A1E7A4F7556}") = "Lab.WebApi", "Lab.WebApi\Lab.WebApi.csproj", "{734A31F8-B48C-4600-A72F-9C6A2A5E97AC}"
EndProject
Project("{9A19103F-16F7-4668-BE54-9A1E7A4F7556}") = "Lab.WASM", "Lab.WASM\Lab.WASM.csproj", "{625F08D5-A0F4-48FC-A075-93277DB3DCF7}"
EndProject
Global
	GlobalSection(SolutionConfigurationPlatforms) = preSolution
		Debug|Any CPU = Debug|Any CPU
		Release|Any CPU = Release|Any CPU
	EndGlobalSection
	GlobalSection(ProjectConfigurationPlatforms) = postSolution
		{4BF30B94-9303-4F75-9A87-8FC134E54F2A}.Debug|Any CPU.ActiveCfg = Debug|Any CPU
		{4BF30B94-9303-4F75-9A87-8FC134E54F2A}.Debug|Any CPU.Build.0 = Debug|Any CPU
		{4BF30B94-9303-4F75-9A87-8FC134E54F2A}.Release|Any CPU.ActiveCfg = Release|Any CPU
		{4BF30B94-9303-4F75-9A87-8FC134E54F2A}.Release|Any CPU.Build.0 = Release|Any CPU
		{734A31F8-B48C-4600-A72F-9C6A2A5E97AC}.Debug|Any CPU.ActiveCfg = Debug|Any CPU
		{734A31F8-B48C-4600-A72F-9C6A2A5E97AC}.Debug|Any CPU.Build.0 = Debug|Any CPU
		{734A31F8-B48C-4600-A72F-9C6A2A5E97AC}.Release|Any CPU.ActiveCfg = Release|Any CPU
		{734A31F8-B48C-4600-A72F-9C6A2A5E97AC}.Release|Any CPU.Build.0 = Release|Any CPU
		{625F08D5-A0F4-48FC-A075-93277DB3DCF7}.Debug|Any CPU.ActiveCfg = Debug|Any CPU
		{625F08D5-A0F4-48FC-A075-93277DB3DCF7}.Debug|Any CPU.Build.0 = Debug|Any CPU
		{625F08D5-A0F4-48FC-A075-93277DB3DCF7}.Release|Any CPU.ActiveCfg = Release|Any CPU
		{625F08D5-A0F4-48FC-A075-93277DB3DCF7}.Release|Any CPU.Build.0 = Release|Any CPU
	EndGlobalSection
	GlobalSection(SolutionProperties) = preSolution
		HideSolutionNode = FALSE
	EndGlobalSection
	GlobalSection(ExtensibilityGlobals) = postSolution
		SolutionGuid = {F73A225B-6D59-43E8-8BA0-EBD449153FBA}
	EndGlobalSection
EndGlobal
